
Microsoft Visual Studio Solution File, Format Version 12.00
# Visual Studio Version 17
VisualStudioVersion = 17.14.36203.30 d17.14
MinimumVisualStudioVersion = 10.0.40219.1
Project("{FAE04EC0-301F-11D3-BF4B-00C04F79EFBC}") = "TestTime", "TestTime.csproj", "{94D56251-5C66-4D71-8BC8-5220A4BE43F6}"
EndProject
Global
	GlobalSection(SolutionConfigurationPlatforms) = preSolution
		Debug|Any CPU = Debug|Any CPU
		Release|Any CPU = Release|Any CPU
	EndGlobalSection
	GlobalSection(ProjectConfigurationPlatforms) = postSolution
		{94D56251-5C66-4D71-8BC8-5220A4BE43F6}.Debug|Any CPU.ActiveCfg = Debug|Any CPU
		{94D56251-5C66-4D71-8BC8-5220A4BE43F6}.Debug|Any CPU.Build.0 = Debug|Any CPU
		{94D56251-5C66-4D71-8BC8-5220A4BE43F6}.Release|Any CPU.ActiveCfg = Release|Any CPU
		{94D56251-5C66-4D71-8BC8-5220A4BE43F6}.Release|Any CPU.Build.0 = Release|Any CPU
	EndGlobalSection
	GlobalSection(SolutionProperties) = preSolution
		HideSolutionNode = FALSE
	EndGlobalSection
	GlobalSection(ExtensibilityGlobals) = postSolution
		SolutionGuid = {D5D6C65A-C777-470F-9B49-87FC7488849F}
	EndGlobalSection
EndGlobal
